
Microsoft Visual Studio Solution File, Format Version 12.00
# Visual Studio Version 17
VisualStudioVersion = 17.4.33213.308
MinimumVisualStudioVersion = 10.0.40219.1
Project("{FAE04EC0-301F-11D3-BF4B-00C04F79EFBC}") = "DontGuessTheNumber", "DontGuessTheNumber.csproj", "{84D8F6F7-CADE-4CAC-8C43-8FE8C52B7895}"
EndProject
Global
	GlobalSection(SolutionConfigurationPlatforms) = preSolution
		Debug|Any CPU = Debug|Any CPU
		Release|Any CPU = Release|Any CPU
	EndGlobalSection
	GlobalSection(ProjectConfigurationPlatforms) = postSolution
		{84D8F6F7-CADE-4CAC-8C43-8FE8C52B7895}.Debug|Any CPU.ActiveCfg = Debug|Any CPU
		{84D8F6F7-CADE-4CAC-8C43-8FE8C52B7895}.Debug|Any CPU.Build.0 = Debug|Any CPU
		{84D8F6F7-CADE-4CAC-8C43-8FE8C52B7895}.Release|Any CPU.ActiveCfg = Release|Any CPU
		{84D8F6F7-CADE-4CAC-8C43-8FE8C52B7895}.Release|Any CPU.Build.0 = Release|Any CPU
	EndGlobalSection
	GlobalSection(SolutionProperties) = preSolution
		HideSolutionNode = FALSE
	EndGlobalSection
	GlobalSection(ExtensibilityGlobals) = postSolution
		SolutionGuid = {A0BC1DAA-A41C-4F3C-830E-A75E64C46727}
	EndGlobalSection
EndGlobal
